
Microsoft Visual Studio Solution File, Format Version 12.00
# Visual Studio Version 16
VisualStudioVersion = 16.0.29926.136
MinimumVisualStudioVersion = 10.0.40219.1
Project("{F184B08F-C81C-45F6-A57F-5ABD9991F28F}") = "Generala", "Generala\Generala.vbproj", "{EFE39F14-5573-4ABB-BCEE-35D54D240008}"
EndProject
Global
	GlobalSection(SolutionConfigurationPlatforms) = preSolution
		Debug|Any CPU = Debug|Any CPU
		Release|Any CPU = Release|Any CPU
	EndGlobalSection
	GlobalSection(ProjectConfigurationPlatforms) = postSolution
		{EFE39F14-5573-4ABB-BCEE-35D54D240008}.Debug|Any CPU.ActiveCfg = Debug|Any CPU
		{EFE39F14-5573-4ABB-BCEE-35D54D240008}.Debug|Any CPU.Build.0 = Debug|Any CPU
		{EFE39F14-5573-4ABB-BCEE-35D54D240008}.Release|Any CPU.ActiveCfg = Release|Any CPU
		{EFE39F14-5573-4ABB-BCEE-35D54D240008}.Release|Any CPU.Build.0 = Release|Any CPU
	EndGlobalSection
	GlobalSection(SolutionProperties) = preSolution
		HideSolutionNode = FALSE
	EndGlobalSection
	GlobalSection(ExtensibilityGlobals) = postSolution
		SolutionGuid = {25210F5C-60D7-42EF-A808-47E6C6841414}
	EndGlobalSection
EndGlobal
